
Microsoft Visual Studio Solution File, Format Version 12.00
# Visual Studio 15
Project("{FAE04EC0-301F-11D3-BF4B-00C04F79EFBC}") = "Assembly-CSharp", "Assembly-CSharp.csproj", "{0A816F9B-16AD-BC1D-9428-D100AA42F91F}"
EndProject
Project("{FAE04EC0-301F-11D3-BF4B-00C04F79EFBC}") = "Assembly-CSharp-firstpass", "Assembly-CSharp-firstpass.csproj", "{C80E0A29-BABC-AB7D-872F-CAA6CFB04532}"
EndProject
Global
	GlobalSection(SolutionConfigurationPlatforms) = preSolution
		Debug|Any CPU = Debug|Any CPU
		Release|Any CPU = Release|Any CPU
	EndGlobalSection
	GlobalSection(ProjectConfigurationPlatforms) = postSolution
		{0A816F9B-16AD-BC1D-9428-D100AA42F91F}.Debug|Any CPU.ActiveCfg = Debug|Any CPU
		{0A816F9B-16AD-BC1D-9428-D100AA42F91F}.Debug|Any CPU.Build.0 = Debug|Any CPU
		{0A816F9B-16AD-BC1D-9428-D100AA42F91F}.Release|Any CPU.ActiveCfg = Release|Any CPU
		{0A816F9B-16AD-BC1D-9428-D100AA42F91F}.Release|Any CPU.Build.0 = Release|Any CPU
		{C80E0A29-BABC-AB7D-872F-CAA6CFB04532}.Debug|Any CPU.ActiveCfg = Debug|Any CPU
		{C80E0A29-BABC-AB7D-872F-CAA6CFB04532}.Debug|Any CPU.Build.0 = Debug|Any CPU
		{C80E0A29-BABC-AB7D-872F-CAA6CFB04532}.Release|Any CPU.ActiveCfg = Release|Any CPU
		{C80E0A29-BABC-AB7D-872F-CAA6CFB04532}.Release|Any CPU.Build.0 = Release|Any CPU
	EndGlobalSection
	GlobalSection(SolutionProperties) = preSolution
		HideSolutionNode = FALSE
	EndGlobalSection
	GlobalSection(MonoDevelopProperties) = preSolution
		StartupItem = Assembly-CSharp.csproj
	EndGlobalSection
EndGlobal
